
Microsoft Visual Studio Solution File, Format Version 12.00
# Visual Studio Version 16
VisualStudioVersion = 16.0.31729.503
MinimumVisualStudioVersion = 10.0.40219.1
Project("{FAE04EC0-301F-11D3-BF4B-00C04F79EFBC}") = "AreaTriangleRectangle", "AreaTriangleRectangle\AreaTriangleRectangle.csproj", "{212AD3EA-4FC8-42C7-921B-A9271DB21903}"
EndProject
Global
	GlobalSection(SolutionConfigurationPlatforms) = preSolution
		Debug|Any CPU = Debug|Any CPU
		Release|Any CPU = Release|Any CPU
	EndGlobalSection
	GlobalSection(ProjectConfigurationPlatforms) = postSolution
		{212AD3EA-4FC8-42C7-921B-A9271DB21903}.Debug|Any CPU.ActiveCfg = Debug|Any CPU
		{212AD3EA-4FC8-42C7-921B-A9271DB21903}.Debug|Any CPU.Build.0 = Debug|Any CPU
		{212AD3EA-4FC8-42C7-921B-A9271DB21903}.Release|Any CPU.ActiveCfg = Release|Any CPU
		{212AD3EA-4FC8-42C7-921B-A9271DB21903}.Release|Any CPU.Build.0 = Release|Any CPU
	EndGlobalSection
	GlobalSection(SolutionProperties) = preSolution
		HideSolutionNode = FALSE
	EndGlobalSection
	GlobalSection(ExtensibilityGlobals) = postSolution
		SolutionGuid = {971D398C-4BB8-4D05-9A47-4E1DBD2E2528}
	EndGlobalSection
EndGlobal
